
Microsoft Visual Studio Solution File, Format Version 12.00
# Visual Studio 15
VisualStudioVersion = 15.0.28307.1000
MinimumVisualStudioVersion = 10.0.40219.1
Project("{FAE04EC0-301F-11D3-BF4B-00C04F79EFBC}") = "SingletonePattern", "SingletonePattern\SingletonePattern.csproj", "{1042501C-1676-49E9-826C-A6D16CD009F3}"
EndProject
Project("{FAE04EC0-301F-11D3-BF4B-00C04F79EFBC}") = "FactoryPattern", "FactoryPattern\FactoryPattern.csproj", "{3063103F-4C95-4E00-A4FC-D3AC759DB227}"
EndProject
Global
	GlobalSection(SolutionConfigurationPlatforms) = preSolution
		Debug|Any CPU = Debug|Any CPU
		Release|Any CPU = Release|Any CPU
	EndGlobalSection
	GlobalSection(ProjectConfigurationPlatforms) = postSolution
		{1042501C-1676-49E9-826C-A6D16CD009F3}.Debug|Any CPU.ActiveCfg = Debug|Any CPU
		{1042501C-1676-49E9-826C-A6D16CD009F3}.Debug|Any CPU.Build.0 = Debug|Any CPU
		{1042501C-1676-49E9-826C-A6D16CD009F3}.Release|Any CPU.ActiveCfg = Release|Any CPU
		{1042501C-1676-49E9-826C-A6D16CD009F3}.Release|Any CPU.Build.0 = Release|Any CPU
		{3063103F-4C95-4E00-A4FC-D3AC759DB227}.Debug|Any CPU.ActiveCfg = Debug|Any CPU
		{3063103F-4C95-4E00-A4FC-D3AC759DB227}.Debug|Any CPU.Build.0 = Debug|Any CPU
		{3063103F-4C95-4E00-A4FC-D3AC759DB227}.Release|Any CPU.ActiveCfg = Release|Any CPU
		{3063103F-4C95-4E00-A4FC-D3AC759DB227}.Release|Any CPU.Build.0 = Release|Any CPU
	EndGlobalSection
	GlobalSection(SolutionProperties) = preSolution
		HideSolutionNode = FALSE
	EndGlobalSection
	GlobalSection(ExtensibilityGlobals) = postSolution
		SolutionGuid = {64F163F4-40B2-43F6-A04F-A47A3112E23B}
	EndGlobalSection
EndGlobal
